
Microsoft Visual Studio Solution File, Format Version 12.00
# Visual Studio 15
VisualStudioVersion = 15.0.27130.2027
MinimumVisualStudioVersion = 10.0.40219.1
Project("{FAE04EC0-301F-11D3-BF4B-00C04F79EFBC}") = "Example.FormsApp.UWP", "Example.FormsApp.UWP\Example.FormsApp.UWP.csproj", "{4D710D1B-21F0-4C3E-A348-7DCFE57A28A1}"
EndProject
Project("{9A19103F-16F7-4668-BE54-9A1E7A4F7556}") = "Example.FormsApp", "Example.FormsApp\Example.FormsApp.csproj", "{06B78586-5572-4BB5-B9B8-7D5C4FFF7F44}"
EndProject
Project("{9A19103F-16F7-4668-BE54-9A1E7A4F7556}") = "Smart.Navigation", "..\Smart.Navigation\Smart.Navigation.csproj", "{1E874624-BB71-4FCD-9093-62736F0B5F46}"
EndProject
Project("{9A19103F-16F7-4668-BE54-9A1E7A4F7556}") = "Smart.Navigation.Forms", "..\Smart.Navigation.Forms\Smart.Navigation.Forms.csproj", "{0C0D6501-FDF7-456F-82EB-375A3B07835F}"
EndProject
Project("{9A19103F-16F7-4668-BE54-9A1E7A4F7556}") = "Smart.Navigation.Resolver", "..\Smart.Navigation.Resolver\Smart.Navigation.Resolver.csproj", "{C62CF945-C1E8-4017-8B47-240EFFDDE084}"
EndProject
Project("{FAE04EC0-301F-11D3-BF4B-00C04F79EFBC}") = "Example.WindowsFormsApp", "..\Example.WindowsFormsApp\Example.WindowsFormsApp.csproj", "{C529BE58-8685-4EEC-869B-30922D43ADE9}"
EndProject
Global
	GlobalSection(SolutionConfigurationPlatforms) = preSolution
		Debug|Any CPU = Debug|Any CPU
		Debug|ARM = Debug|ARM
		Debug|x64 = Debug|x64
		Debug|x86 = Debug|x86
		Release|Any CPU = Release|Any CPU
		Release|ARM = Release|ARM
		Release|x64 = Release|x64
		Release|x86 = Release|x86
	EndGlobalSection
	GlobalSection(ProjectConfigurationPlatforms) = postSolution
		{4D710D1B-21F0-4C3E-A348-7DCFE57A28A1}.Debug|Any CPU.ActiveCfg = Debug|x86
		{4D710D1B-21F0-4C3E-A348-7DCFE57A28A1}.Debug|ARM.ActiveCfg = Debug|ARM
		{4D710D1B-21F0-4C3E-A348-7DCFE57A28A1}.Debug|ARM.Build.0 = Debug|ARM
		{4D710D1B-21F0-4C3E-A348-7DCFE57A28A1}.Debug|ARM.Deploy.0 = Debug|ARM
		{4D710D1B-21F0-4C3E-A348-7DCFE57A28A1}.Debug|x64.ActiveCfg = Debug|x64
		{4D710D1B-21F0-4C3E-A348-7DCFE57A28A1}.Debug|x64.Build.0 = Debug|x64
		{4D710D1B-21F0-4C3E-A348-7DCFE57A28A1}.Debug|x64.Deploy.0 = Debug|x64
		{4D710D1B-21F0-4C3E-A348-7DCFE57A28A1}.Debug|x86.ActiveCfg = Debug|x86
		{4D710D1B-21F0-4C3E-A348-7DCFE57A28A1}.Debug|x86.Build.0 = Debug|x86
		{4D710D1B-21F0-4C3E-A348-7DCFE57A28A1}.Debug|x86.Deploy.0 = Debug|x86
		{4D710D1B-21F0-4C3E-A348-7DCFE57A28A1}.Release|Any CPU.ActiveCfg = Release|x86
		{4D710D1B-21F0-4C3E-A348-7DCFE57A28A1}.Release|ARM.ActiveCfg = Release|ARM
		{4D710D1B-21F0-4C3E-A348-7DCFE57A28A1}.Release|ARM.Build.0 = Release|ARM
		{4D710D1B-21F0-4C3E-A348-7DCFE57A28A1}.Release|ARM.Deploy.0 = Release|ARM
		{4D710D1B-21F0-4C3E-A348-7DCFE57A28A1}.Release|x64.ActiveCfg = Release|x64
		{4D710D1B-21F0-4C3E-A348-7DCFE57A28A1}.Release|x64.Build.0 = Release|x64
		{4D710D1B-21F0-4C3E-A348-7DCFE57A28A1}.Release|x64.Deploy.0 = Release|x64
		{4D710D1B-21F0-4C3E-A348-7DCFE57A28A1}.Release|x86.ActiveCfg = Release|x86
		{4D710D1B-21F0-4C3E-A348-7DCFE57A28A1}.Release|x86.Build.0 = Release|x86
		{4D710D1B-21F0-4C3E-A348-7DCFE57A28A1}.Release|x86.Deploy.0 = Release|x86
		{06B78586-5572-4BB5-B9B8-7D5C4FFF7F44}.Debug|Any CPU.ActiveCfg = Debug|Any CPU
		{06B78586-5572-4BB5-B9B8-7D5C4FFF7F44}.Debug|Any CPU.Build.0 = Debug|Any CPU
		{06B78586-5572-4BB5-B9B8-7D5C4FFF7F44}.Debug|ARM.ActiveCfg = Debug|Any CPU
		{06B78586-5572-4BB5-B9B8-7D5C4FFF7F44}.Debug|ARM.Build.0 = Debug|Any CPU
		{06B78586-5572-4BB5-B9B8-7D5C4FFF7F44}.Debug|x64.ActiveCfg = Debug|Any CPU
		{06B78586-5572-4BB5-B9B8-7D5C4FFF7F44}.Debug|x64.Build.0 = Debug|Any CPU
		{06B78586-5572-4BB5-B9B8-7D5C4FFF7F44}.Debug|x86.ActiveCfg = Debug|Any CPU
		{06B78586-5572-4BB5-B9B8-7D5C4FFF7F44}.Debug|x86.Build.0 = Debug|Any CPU
		{06B78586-5572-4BB5-B9B8-7D5C4FFF7F44}.Release|Any CPU.ActiveCfg = Release|Any CPU
		{06B78586-5572-4BB5-B9B8-7D5C4FFF7F44}.Release|Any CPU.Build.0 = Release|Any CPU
		{06B78586-5572-4BB5-B9B8-7D5C4FFF7F44}.Release|ARM.ActiveCfg = Release|Any CPU
		{06B78586-5572-4BB5-B9B8-7D5C4FFF7F44}.Release|ARM.Build.0 = Release|Any CPU
		{06B78586-5572-4BB5-B9B8-7D5C4FFF7F44}.Release|x64.ActiveCfg = Release|Any CPU
		{06B78586-5572-4BB5-B9B8-7D5C4FFF7F44}.Release|x64.Build.0 = Release|Any CPU
		{06B78586-5572-4BB5-B9B8-7D5C4FFF7F44}.Release|x86.ActiveCfg = Release|Any CPU
		{06B78586-5572-4BB5-B9B8-7D5C4FFF7F44}.Release|x86.Build.0 = Release|Any CPU
		{1E874624-BB71-4FCD-9093-62736F0B5F46}.Debug|Any CPU.ActiveCfg = Debug|Any CPU
		{1E874624-BB71-4FCD-9093-62736F0B5F46}.Debug|Any CPU.Build.0 = Debug|Any CPU
		{1E874624-BB71-4FCD-9093-62736F0B5F46}.Debug|ARM.ActiveCfg = Debug|Any CPU
		{1E874624-BB71-4FCD-9093-62736F0B5F46}.Debug|ARM.Build.0 = Debug|Any CPU
		{1E874624-BB71-4FCD-9093-62736F0B5F46}.Debug|x64.ActiveCfg = Debug|Any CPU
		{1E874624-BB71-4FCD-9093-62736F0B5F46}.Debug|x64.Build.0 = Debug|Any CPU
		{1E874624-BB71-4FCD-9093-62736F0B5F46}.Debug|x86.ActiveCfg = Debug|Any CPU
		{1E874624-BB71-4FCD-9093-62736F0B5F46}.Debug|x86.Build.0 = Debug|Any CPU
		{1E874624-BB71-4FCD-9093-62736F0B5F46}.Release|Any CPU.ActiveCfg = Release|Any CPU
		{1E874624-BB71-4FCD-9093-62736F0B5F46}.Release|Any CPU.Build.0 = Release|Any CPU
		{1E874624-BB71-4FCD-9093-62736F0B5F46}.Release|ARM.ActiveCfg = Release|Any CPU
		{1E874624-BB71-4FCD-9093-62736F0B5F46}.Release|ARM.Build.0 = Release|Any CPU
		{1E874624-BB71-4FCD-9093-62736F0B5F46}.Release|x64.ActiveCfg = Release|Any CPU
		{1E874624-BB71-4FCD-9093-62736F0B5F46}.Release|x64.Build.0 = Release|Any CPU
		{1E874624-BB71-4FCD-9093-62736F0B5F46}.Release|x86.ActiveCfg = Release|Any CPU
		{1E874624-BB71-4FCD-9093-62736F0B5F46}.Release|x86.Build.0 = Release|Any CPU
		{0C0D6501-FDF7-456F-82EB-375A3B07835F}.Debug|Any CPU.ActiveCfg = Debug|Any CPU
		{0C0D6501-FDF7-456F-82EB-375A3B07835F}.Debug|Any CPU.Build.0 = Debug|Any CPU
		{0C0D6501-FDF7-456F-82EB-375A3B07835F}.Debug|ARM.ActiveCfg = Debug|Any CPU
		{0C0D6501-FDF7-456F-82EB-375A3B07835F}.Debug|ARM.Build.0 = Debug|Any CPU
		{0C0D6501-FDF7-456F-82EB-375A3B07835F}.Debug|x64.ActiveCfg = Debug|Any CPU
		{0C0D6501-FDF7-456F-82EB-375A3B07835F}.Debug|x64.Build.0 = Debug|Any CPU
		{0C0D6501-FDF7-456F-82EB-375A3B07835F}.Debug|x86.ActiveCfg = Debug|Any CPU
		{0C0D6501-FDF7-456F-82EB-375A3B07835F}.Debug|x86.Build.0 = Debug|Any CPU
		{0C0D6501-FDF7-456F-82EB-375A3B07835F}.Release|Any CPU.ActiveCfg = Release|Any CPU
		{0C0D6501-FDF7-456F-82EB-375A3B07835F}.Release|Any CPU.Build.0 = Release|Any CPU
		{0C0D6501-FDF7-456F-82EB-375A3B07835F}.Release|ARM.ActiveCfg = Release|Any CPU
		{0C0D6501-FDF7-456F-82EB-375A3B07835F}.Release|ARM.Build.0 = Release|Any CPU
		{0C0D6501-FDF7-456F-82EB-375A3B07835F}.Release|x64.ActiveCfg = Release|Any CPU
		{0C0D6501-FDF7-456F-82EB-375A3B07835F}.Release|x64.Build.0 = Release|Any CPU
		{0C0D6501-FDF7-456F-82EB-375A3B07835F}.Release|x86.ActiveCfg = Release|Any CPU
		{0C0D6501-FDF7-456F-82EB-375A3B07835F}.Release|x86.Build.0 = Release|Any CPU
		{C62CF945-C1E8-4017-8B47-240EFFDDE084}.Debug|Any CPU.ActiveCfg = Debug|Any CPU
		{C62CF945-C1E8-4017-8B47-240EFFDDE084}.Debug|Any CPU.Build.0 = Debug|Any CPU
		{C62CF945-C1E8-4017-8B47-240EFFDDE084}.Debug|ARM.ActiveCfg = Debug|Any CPU
		{C62CF945-C1E8-4017-8B47-240EFFDDE084}.Debug|ARM.Build.0 = Debug|Any CPU
		{C62CF945-C1E8-4017-8B47-240EFFDDE084}.Debug|x64.ActiveCfg = Debug|Any CPU
		{C62CF945-C1E8-4017-8B47-240EFFDDE084}.Debug|x64.Build.0 = Debug|Any CPU
		{C62CF945-C1E8-4017-8B47-240EFFDDE084}.Debug|x86.ActiveCfg = Debug|Any CPU
		{C62CF945-C1E8-4017-8B47-240EFFDDE084}.Debug|x86.Build.0 = Debug|Any CPU
		{C62CF945-C1E8-4017-8B47-240EFFDDE084}.Release|Any CPU.ActiveCfg = Release|Any CPU
		{C62CF945-C1E8-4017-8B47-240EFFDDE084}.Release|Any CPU.Build.0 = Release|Any CPU
		{C62CF945-C1E8-4017-8B47-240EFFDDE084}.Release|ARM.ActiveCfg = Release|Any CPU
		{C62CF945-C1E8-4017-8B47-240EFFDDE084}.Release|ARM.Build.0 = Release|Any CPU
		{C62CF945-C1E8-4017-8B47-240EFFDDE084}.Release|x64.ActiveCfg = Release|Any CPU
		{C62CF945-C1E8-4017-8B47-240EFFDDE084}.Release|x64.Build.0 = Release|Any CPU
		{C62CF945-C1E8-4017-8B47-240EFFDDE084}.Release|x86.ActiveCfg = Release|Any CPU
		{C62CF945-C1E8-4017-8B47-240EFFDDE084}.Release|x86.Build.0 = Release|Any CPU
		{C529BE58-8685-4EEC-869B-30922D43ADE9}.Debug|Any CPU.ActiveCfg = Debug|Any CPU
		{C529BE58-8685-4EEC-869B-30922D43ADE9}.Debug|Any CPU.Build.0 = Debug|Any CPU
		{C529BE58-8685-4EEC-869B-30922D43ADE9}.Debug|ARM.ActiveCfg = Debug|Any CPU
		{C529BE58-8685-4EEC-869B-30922D43ADE9}.Debug|ARM.Build.0 = Debug|Any CPU
		{C529BE58-8685-4EEC-869B-30922D43ADE9}.Debug|x64.ActiveCfg = Debug|Any CPU
		{C529BE58-8685-4EEC-869B-30922D43ADE9}.Debug|x64.Build.0 = Debug|Any CPU
		{C529BE58-8685-4EEC-869B-30922D43ADE9}.Debug|x86.ActiveCfg = Debug|Any CPU
		{C529BE58-8685-4EEC-869B-30922D43ADE9}.Debug|x86.Build.0 = Debug|Any CPU
		{C529BE58-8685-4EEC-869B-30922D43ADE9}.Release|Any CPU.ActiveCfg = Release|Any CPU
		{C529BE58-8685-4EEC-869B-30922D43ADE9}.Release|Any CPU.Build.0 = Release|Any CPU
		{C529BE58-8685-4EEC-869B-30922D43ADE9}.Release|ARM.ActiveCfg = Release|Any CPU
		{C529BE58-8685-4EEC-869B-30922D43ADE9}.Release|ARM.Build.0 = Release|Any CPU
		{C529BE58-8685-4EEC-869B-30922D43ADE9}.Release|x64.ActiveCfg = Release|Any CPU
		{C529BE58-8685-4EEC-869B-30922D43ADE9}.Release|x64.Build.0 = Release|Any CPU
		{C529BE58-8685-4EEC-869B-30922D43ADE9}.Release|x86.ActiveCfg = Release|Any CPU
		{C529BE58-8685-4EEC-869B-30922D43ADE9}.Release|x86.Build.0 = Release|Any CPU
	EndGlobalSection
	GlobalSection(SolutionProperties) = preSolution
		HideSolutionNode = FALSE
	EndGlobalSection
	GlobalSection(ExtensibilityGlobals) = postSolution
		SolutionGuid = {69EB27FB-2999-4201-A378-973F0654F420}
		        SolutionGuid = {7CCF4AA5-7276-4432-974E-3EF2A9008B24}
	EndGlobalSection
EndGlobal
