
Microsoft Visual Studio Solution File, Format Version 12.00
# Visual Studio Version 17
VisualStudioVersion = 17.0.31903.59
MinimumVisualStudioVersion = 10.0.40219.1
Project("{9A19103F-16F7-4668-BE54-9A1E7A4F7556}") = "Smart.Navigation", "Smart.Navigation\Smart.Navigation.csproj", "{DE778293-2659-4185-A67E-B6C710AC2F9E}"
EndProject
Project("{2150E333-8FDC-42A3-9474-1A3956D46DE8}") = "Solution Items", "Solution Items", "{6E7415AD-867A-4177-BCAA-A9048F28CCA0}"
	ProjectSection(SolutionItems) = preProject
		.editorconfig = .editorconfig
		.gitattributes = .gitattributes
		.gitignore = .gitignore
		Analyzers.ruleset = Analyzers.ruleset
		Directory.Build.props = Directory.Build.props
		Directory.Build.targets = Directory.Build.targets
		LICENSE = LICENSE
		README.md = README.md
		Smart.Navigation.sln.DotSettings = Smart.Navigation.sln.DotSettings
		test.runsettings = test.runsettings
	EndProjectSection
EndProject
Project("{9A19103F-16F7-4668-BE54-9A1E7A4F7556}") = "Smart.Navigation.Tests", "Smart.Navigation.Tests\Smart.Navigation.Tests.csproj", "{FF6118E7-0B09-44AC-A79E-B593CD0F6F50}"
EndProject
Project("{9A19103F-16F7-4668-BE54-9A1E7A4F7556}") = "Smart.Navigation.Strategies.GroupSupport", "Smart.Navigation.Strategies.GroupSupport\Smart.Navigation.Strategies.GroupSupport.csproj", "{73BAF03B-7F89-41A6-BFA4-D308F7AC3849}"
EndProject
Project("{2150E333-8FDC-42A3-9474-1A3956D46DE8}") = "Providers", "Providers", "{F6384B79-6894-4004-9A46-7195C36E73D9}"
EndProject
Project("{2150E333-8FDC-42A3-9474-1A3956D46DE8}") = "Core", "Core", "{2365021A-C0AE-4A94-A46A-705586EF894B}"
EndProject
Project("{2150E333-8FDC-42A3-9474-1A3956D46DE8}") = "Strategies", "Strategies", "{9F15291B-6045-4D8E-9D1A-82AA7C5209AB}"
EndProject
Project("{2150E333-8FDC-42A3-9474-1A3956D46DE8}") = "Tests", "Tests", "{1B4B0C6F-7810-4F07-AE90-C883EB63D536}"
EndProject
Project("{2150E333-8FDC-42A3-9474-1A3956D46DE8}") = "Navigation", "Navigation", "{E21DDF71-6ED5-4AB2-8A9D-3CCB1A7E2EA0}"
EndProject
Project("{9A19103F-16F7-4668-BE54-9A1E7A4F7556}") = "Smart.Navigation.Windows", "Smart.Navigation.Windows\Smart.Navigation.Windows.csproj", "{E4FD79CA-F620-409B-B7D7-07C7052302CB}"
EndProject
Project("{9A19103F-16F7-4668-BE54-9A1E7A4F7556}") = "Smart.Navigation.Windows.Forms", "Smart.Navigation.Windows.Forms\Smart.Navigation.Windows.Forms.csproj", "{3E7BA1F2-1AA0-49F4-9B27-3C70620B90A2}"
EndProject
Project("{9A19103F-16F7-4668-BE54-9A1E7A4F7556}") = "Smart.Navigation.Extensions.DependencyInjection", "Smart.Navigation.Extensions.DependencyInjection\Smart.Navigation.Extensions.DependencyInjection.csproj", "{A046C22A-5A9A-478B-A029-BCE9960357DE}"
EndProject
Project("{9A19103F-16F7-4668-BE54-9A1E7A4F7556}") = "Smart.Navigation.Resolver", "Smart.Navigation.Resolver\Smart.Navigation.Resolver.csproj", "{B4DB96D1-7615-45D5-9F7E-B5CAF3EC5626}"
EndProject
Project("{9A19103F-16F7-4668-BE54-9A1E7A4F7556}") = "Smart.Navigation.Maui", "Smart.Navigation.Maui\Smart.Navigation.Maui.csproj", "{40883B8D-3180-4C89-AB06-1451503A3329}"
EndProject
Project("{9A19103F-16F7-4668-BE54-9A1E7A4F7556}") = "Smart.Navigation.SourceGenerator", "Smart.Navigation.SourceGenerator\Smart.Navigation.SourceGenerator.csproj", "{01871EE8-7BD5-492A-8212-23914C8788AA}"
EndProject
Global
	GlobalSection(SolutionConfigurationPlatforms) = preSolution
		Debug|Any CPU = Debug|Any CPU
		Debug|ARM = Debug|ARM
		Debug|x64 = Debug|x64
		Debug|x86 = Debug|x86
		Release|Any CPU = Release|Any CPU
		Release|ARM = Release|ARM
		Release|x64 = Release|x64
		Release|x86 = Release|x86
	EndGlobalSection
	GlobalSection(ProjectConfigurationPlatforms) = postSolution
		{DE778293-2659-4185-A67E-B6C710AC2F9E}.Debug|Any CPU.ActiveCfg = Debug|Any CPU
		{DE778293-2659-4185-A67E-B6C710AC2F9E}.Debug|Any CPU.Build.0 = Debug|Any CPU
		{DE778293-2659-4185-A67E-B6C710AC2F9E}.Debug|ARM.ActiveCfg = Debug|Any CPU
		{DE778293-2659-4185-A67E-B6C710AC2F9E}.Debug|ARM.Build.0 = Debug|Any CPU
		{DE778293-2659-4185-A67E-B6C710AC2F9E}.Debug|x64.ActiveCfg = Debug|Any CPU
		{DE778293-2659-4185-A67E-B6C710AC2F9E}.Debug|x64.Build.0 = Debug|Any CPU
		{DE778293-2659-4185-A67E-B6C710AC2F9E}.Debug|x86.ActiveCfg = Debug|Any CPU
		{DE778293-2659-4185-A67E-B6C710AC2F9E}.Debug|x86.Build.0 = Debug|Any CPU
		{DE778293-2659-4185-A67E-B6C710AC2F9E}.Release|Any CPU.ActiveCfg = Release|Any CPU
		{DE778293-2659-4185-A67E-B6C710AC2F9E}.Release|Any CPU.Build.0 = Release|Any CPU
		{DE778293-2659-4185-A67E-B6C710AC2F9E}.Release|ARM.ActiveCfg = Release|Any CPU
		{DE778293-2659-4185-A67E-B6C710AC2F9E}.Release|ARM.Build.0 = Release|Any CPU
		{DE778293-2659-4185-A67E-B6C710AC2F9E}.Release|x64.ActiveCfg = Release|Any CPU
		{DE778293-2659-4185-A67E-B6C710AC2F9E}.Release|x64.Build.0 = Release|Any CPU
		{DE778293-2659-4185-A67E-B6C710AC2F9E}.Release|x86.ActiveCfg = Release|Any CPU
		{DE778293-2659-4185-A67E-B6C710AC2F9E}.Release|x86.Build.0 = Release|Any CPU
		{FF6118E7-0B09-44AC-A79E-B593CD0F6F50}.Debug|Any CPU.ActiveCfg = Debug|Any CPU
		{FF6118E7-0B09-44AC-A79E-B593CD0F6F50}.Debug|Any CPU.Build.0 = Debug|Any CPU
		{FF6118E7-0B09-44AC-A79E-B593CD0F6F50}.Debug|ARM.ActiveCfg = Debug|Any CPU
		{FF6118E7-0B09-44AC-A79E-B593CD0F6F50}.Debug|ARM.Build.0 = Debug|Any CPU
		{FF6118E7-0B09-44AC-A79E-B593CD0F6F50}.Debug|x64.ActiveCfg = Debug|Any CPU
		{FF6118E7-0B09-44AC-A79E-B593CD0F6F50}.Debug|x64.Build.0 = Debug|Any CPU
		{FF6118E7-0B09-44AC-A79E-B593CD0F6F50}.Debug|x86.ActiveCfg = Debug|Any CPU
		{FF6118E7-0B09-44AC-A79E-B593CD0F6F50}.Debug|x86.Build.0 = Debug|Any CPU
		{FF6118E7-0B09-44AC-A79E-B593CD0F6F50}.Release|Any CPU.ActiveCfg = Release|Any CPU
		{FF6118E7-0B09-44AC-A79E-B593CD0F6F50}.Release|Any CPU.Build.0 = Release|Any CPU
		{FF6118E7-0B09-44AC-A79E-B593CD0F6F50}.Release|ARM.ActiveCfg = Release|Any CPU
		{FF6118E7-0B09-44AC-A79E-B593CD0F6F50}.Release|ARM.Build.0 = Release|Any CPU
		{FF6118E7-0B09-44AC-A79E-B593CD0F6F50}.Release|x64.ActiveCfg = Release|Any CPU
		{FF6118E7-0B09-44AC-A79E-B593CD0F6F50}.Release|x64.Build.0 = Release|Any CPU
		{FF6118E7-0B09-44AC-A79E-B593CD0F6F50}.Release|x86.ActiveCfg = Release|Any CPU
		{FF6118E7-0B09-44AC-A79E-B593CD0F6F50}.Release|x86.Build.0 = Release|Any CPU
		{73BAF03B-7F89-41A6-BFA4-D308F7AC3849}.Debug|Any CPU.ActiveCfg = Debug|Any CPU
		{73BAF03B-7F89-41A6-BFA4-D308F7AC3849}.Debug|Any CPU.Build.0 = Debug|Any CPU
		{73BAF03B-7F89-41A6-BFA4-D308F7AC3849}.Debug|ARM.ActiveCfg = Debug|Any CPU
		{73BAF03B-7F89-41A6-BFA4-D308F7AC3849}.Debug|ARM.Build.0 = Debug|Any CPU
		{73BAF03B-7F89-41A6-BFA4-D308F7AC3849}.Debug|x64.ActiveCfg = Debug|Any CPU
		{73BAF03B-7F89-41A6-BFA4-D308F7AC3849}.Debug|x64.Build.0 = Debug|Any CPU
		{73BAF03B-7F89-41A6-BFA4-D308F7AC3849}.Debug|x86.ActiveCfg = Debug|Any CPU
		{73BAF03B-7F89-41A6-BFA4-D308F7AC3849}.Debug|x86.Build.0 = Debug|Any CPU
		{73BAF03B-7F89-41A6-BFA4-D308F7AC3849}.Release|Any CPU.ActiveCfg = Release|Any CPU
		{73BAF03B-7F89-41A6-BFA4-D308F7AC3849}.Release|Any CPU.Build.0 = Release|Any CPU
		{73BAF03B-7F89-41A6-BFA4-D308F7AC3849}.Release|ARM.ActiveCfg = Release|Any CPU
		{73BAF03B-7F89-41A6-BFA4-D308F7AC3849}.Release|ARM.Build.0 = Release|Any CPU
		{73BAF03B-7F89-41A6-BFA4-D308F7AC3849}.Release|x64.ActiveCfg = Release|Any CPU
		{73BAF03B-7F89-41A6-BFA4-D308F7AC3849}.Release|x64.Build.0 = Release|Any CPU
		{73BAF03B-7F89-41A6-BFA4-D308F7AC3849}.Release|x86.ActiveCfg = Release|Any CPU
		{73BAF03B-7F89-41A6-BFA4-D308F7AC3849}.Release|x86.Build.0 = Release|Any CPU
		{E4FD79CA-F620-409B-B7D7-07C7052302CB}.Debug|Any CPU.ActiveCfg = Debug|Any CPU
		{E4FD79CA-F620-409B-B7D7-07C7052302CB}.Debug|Any CPU.Build.0 = Debug|Any CPU
		{E4FD79CA-F620-409B-B7D7-07C7052302CB}.Debug|ARM.ActiveCfg = Debug|Any CPU
		{E4FD79CA-F620-409B-B7D7-07C7052302CB}.Debug|ARM.Build.0 = Debug|Any CPU
		{E4FD79CA-F620-409B-B7D7-07C7052302CB}.Debug|x64.ActiveCfg = Debug|Any CPU
		{E4FD79CA-F620-409B-B7D7-07C7052302CB}.Debug|x64.Build.0 = Debug|Any CPU
		{E4FD79CA-F620-409B-B7D7-07C7052302CB}.Debug|x86.ActiveCfg = Debug|Any CPU
		{E4FD79CA-F620-409B-B7D7-07C7052302CB}.Debug|x86.Build.0 = Debug|Any CPU
		{E4FD79CA-F620-409B-B7D7-07C7052302CB}.Release|Any CPU.ActiveCfg = Release|Any CPU
		{E4FD79CA-F620-409B-B7D7-07C7052302CB}.Release|Any CPU.Build.0 = Release|Any CPU
		{E4FD79CA-F620-409B-B7D7-07C7052302CB}.Release|ARM.ActiveCfg = Release|Any CPU
		{E4FD79CA-F620-409B-B7D7-07C7052302CB}.Release|ARM.Build.0 = Release|Any CPU
		{E4FD79CA-F620-409B-B7D7-07C7052302CB}.Release|x64.ActiveCfg = Release|Any CPU
		{E4FD79CA-F620-409B-B7D7-07C7052302CB}.Release|x64.Build.0 = Release|Any CPU
		{E4FD79CA-F620-409B-B7D7-07C7052302CB}.Release|x86.ActiveCfg = Release|Any CPU
		{E4FD79CA-F620-409B-B7D7-07C7052302CB}.Release|x86.Build.0 = Release|Any CPU
		{3E7BA1F2-1AA0-49F4-9B27-3C70620B90A2}.Debug|Any CPU.ActiveCfg = Debug|Any CPU
		{3E7BA1F2-1AA0-49F4-9B27-3C70620B90A2}.Debug|Any CPU.Build.0 = Debug|Any CPU
		{3E7BA1F2-1AA0-49F4-9B27-3C70620B90A2}.Debug|ARM.ActiveCfg = Debug|Any CPU
		{3E7BA1F2-1AA0-49F4-9B27-3C70620B90A2}.Debug|ARM.Build.0 = Debug|Any CPU
		{3E7BA1F2-1AA0-49F4-9B27-3C70620B90A2}.Debug|x64.ActiveCfg = Debug|Any CPU
		{3E7BA1F2-1AA0-49F4-9B27-3C70620B90A2}.Debug|x64.Build.0 = Debug|Any CPU
		{3E7BA1F2-1AA0-49F4-9B27-3C70620B90A2}.Debug|x86.ActiveCfg = Debug|Any CPU
		{3E7BA1F2-1AA0-49F4-9B27-3C70620B90A2}.Debug|x86.Build.0 = Debug|Any CPU
		{3E7BA1F2-1AA0-49F4-9B27-3C70620B90A2}.Release|Any CPU.ActiveCfg = Release|Any CPU
		{3E7BA1F2-1AA0-49F4-9B27-3C70620B90A2}.Release|Any CPU.Build.0 = Release|Any CPU
		{3E7BA1F2-1AA0-49F4-9B27-3C70620B90A2}.Release|ARM.ActiveCfg = Release|Any CPU
		{3E7BA1F2-1AA0-49F4-9B27-3C70620B90A2}.Release|ARM.Build.0 = Release|Any CPU
		{3E7BA1F2-1AA0-49F4-9B27-3C70620B90A2}.Release|x64.ActiveCfg = Release|Any CPU
		{3E7BA1F2-1AA0-49F4-9B27-3C70620B90A2}.Release|x64.Build.0 = Release|Any CPU
		{3E7BA1F2-1AA0-49F4-9B27-3C70620B90A2}.Release|x86.ActiveCfg = Release|Any CPU
		{3E7BA1F2-1AA0-49F4-9B27-3C70620B90A2}.Release|x86.Build.0 = Release|Any CPU
		{A046C22A-5A9A-478B-A029-BCE9960357DE}.Debug|Any CPU.ActiveCfg = Debug|Any CPU
		{A046C22A-5A9A-478B-A029-BCE9960357DE}.Debug|Any CPU.Build.0 = Debug|Any CPU
		{A046C22A-5A9A-478B-A029-BCE9960357DE}.Debug|ARM.ActiveCfg = Debug|Any CPU
		{A046C22A-5A9A-478B-A029-BCE9960357DE}.Debug|ARM.Build.0 = Debug|Any CPU
		{A046C22A-5A9A-478B-A029-BCE9960357DE}.Debug|x64.ActiveCfg = Debug|Any CPU
		{A046C22A-5A9A-478B-A029-BCE9960357DE}.Debug|x64.Build.0 = Debug|Any CPU
		{A046C22A-5A9A-478B-A029-BCE9960357DE}.Debug|x86.ActiveCfg = Debug|Any CPU
		{A046C22A-5A9A-478B-A029-BCE9960357DE}.Debug|x86.Build.0 = Debug|Any CPU
		{A046C22A-5A9A-478B-A029-BCE9960357DE}.Release|Any CPU.ActiveCfg = Release|Any CPU
		{A046C22A-5A9A-478B-A029-BCE9960357DE}.Release|Any CPU.Build.0 = Release|Any CPU
		{A046C22A-5A9A-478B-A029-BCE9960357DE}.Release|ARM.ActiveCfg = Release|Any CPU
		{A046C22A-5A9A-478B-A029-BCE9960357DE}.Release|ARM.Build.0 = Release|Any CPU
		{A046C22A-5A9A-478B-A029-BCE9960357DE}.Release|x64.ActiveCfg = Release|Any CPU
		{A046C22A-5A9A-478B-A029-BCE9960357DE}.Release|x64.Build.0 = Release|Any CPU
		{A046C22A-5A9A-478B-A029-BCE9960357DE}.Release|x86.ActiveCfg = Release|Any CPU
		{A046C22A-5A9A-478B-A029-BCE9960357DE}.Release|x86.Build.0 = Release|Any CPU
		{B4DB96D1-7615-45D5-9F7E-B5CAF3EC5626}.Debug|Any CPU.ActiveCfg = Debug|Any CPU
		{B4DB96D1-7615-45D5-9F7E-B5CAF3EC5626}.Debug|Any CPU.Build.0 = Debug|Any CPU
		{B4DB96D1-7615-45D5-9F7E-B5CAF3EC5626}.Debug|ARM.ActiveCfg = Debug|Any CPU
		{B4DB96D1-7615-45D5-9F7E-B5CAF3EC5626}.Debug|ARM.Build.0 = Debug|Any CPU
		{B4DB96D1-7615-45D5-9F7E-B5CAF3EC5626}.Debug|x64.ActiveCfg = Debug|Any CPU
		{B4DB96D1-7615-45D5-9F7E-B5CAF3EC5626}.Debug|x64.Build.0 = Debug|Any CPU
		{B4DB96D1-7615-45D5-9F7E-B5CAF3EC5626}.Debug|x86.ActiveCfg = Debug|Any CPU
		{B4DB96D1-7615-45D5-9F7E-B5CAF3EC5626}.Debug|x86.Build.0 = Debug|Any CPU
		{B4DB96D1-7615-45D5-9F7E-B5CAF3EC5626}.Release|Any CPU.ActiveCfg = Release|Any CPU
		{B4DB96D1-7615-45D5-9F7E-B5CAF3EC5626}.Release|Any CPU.Build.0 = Release|Any CPU
		{B4DB96D1-7615-45D5-9F7E-B5CAF3EC5626}.Release|ARM.ActiveCfg = Release|Any CPU
		{B4DB96D1-7615-45D5-9F7E-B5CAF3EC5626}.Release|ARM.Build.0 = Release|Any CPU
		{B4DB96D1-7615-45D5-9F7E-B5CAF3EC5626}.Release|x64.ActiveCfg = Release|Any CPU
		{B4DB96D1-7615-45D5-9F7E-B5CAF3EC5626}.Release|x64.Build.0 = Release|Any CPU
		{B4DB96D1-7615-45D5-9F7E-B5CAF3EC5626}.Release|x86.ActiveCfg = Release|Any CPU
		{B4DB96D1-7615-45D5-9F7E-B5CAF3EC5626}.Release|x86.Build.0 = Release|Any CPU
		{40883B8D-3180-4C89-AB06-1451503A3329}.Debug|Any CPU.ActiveCfg = Debug|Any CPU
		{40883B8D-3180-4C89-AB06-1451503A3329}.Debug|Any CPU.Build.0 = Debug|Any CPU
		{40883B8D-3180-4C89-AB06-1451503A3329}.Debug|ARM.ActiveCfg = Debug|Any CPU
		{40883B8D-3180-4C89-AB06-1451503A3329}.Debug|ARM.Build.0 = Debug|Any CPU
		{40883B8D-3180-4C89-AB06-1451503A3329}.Debug|x64.ActiveCfg = Debug|Any CPU
		{40883B8D-3180-4C89-AB06-1451503A3329}.Debug|x64.Build.0 = Debug|Any CPU
		{40883B8D-3180-4C89-AB06-1451503A3329}.Debug|x86.ActiveCfg = Debug|Any CPU
		{40883B8D-3180-4C89-AB06-1451503A3329}.Debug|x86.Build.0 = Debug|Any CPU
		{40883B8D-3180-4C89-AB06-1451503A3329}.Release|Any CPU.ActiveCfg = Release|Any CPU
		{40883B8D-3180-4C89-AB06-1451503A3329}.Release|Any CPU.Build.0 = Release|Any CPU
		{40883B8D-3180-4C89-AB06-1451503A3329}.Release|ARM.ActiveCfg = Release|Any CPU
		{40883B8D-3180-4C89-AB06-1451503A3329}.Release|ARM.Build.0 = Release|Any CPU
		{40883B8D-3180-4C89-AB06-1451503A3329}.Release|x64.ActiveCfg = Release|Any CPU
		{40883B8D-3180-4C89-AB06-1451503A3329}.Release|x64.Build.0 = Release|Any CPU
		{40883B8D-3180-4C89-AB06-1451503A3329}.Release|x86.ActiveCfg = Release|Any CPU
		{40883B8D-3180-4C89-AB06-1451503A3329}.Release|x86.Build.0 = Release|Any CPU
		{01871EE8-7BD5-492A-8212-23914C8788AA}.Debug|Any CPU.ActiveCfg = Debug|Any CPU
		{01871EE8-7BD5-492A-8212-23914C8788AA}.Debug|Any CPU.Build.0 = Debug|Any CPU
		{01871EE8-7BD5-492A-8212-23914C8788AA}.Debug|ARM.ActiveCfg = Debug|Any CPU
		{01871EE8-7BD5-492A-8212-23914C8788AA}.Debug|ARM.Build.0 = Debug|Any CPU
		{01871EE8-7BD5-492A-8212-23914C8788AA}.Debug|x64.ActiveCfg = Debug|Any CPU
		{01871EE8-7BD5-492A-8212-23914C8788AA}.Debug|x64.Build.0 = Debug|Any CPU
		{01871EE8-7BD5-492A-8212-23914C8788AA}.Debug|x86.ActiveCfg = Debug|Any CPU
		{01871EE8-7BD5-492A-8212-23914C8788AA}.Debug|x86.Build.0 = Debug|Any CPU
		{01871EE8-7BD5-492A-8212-23914C8788AA}.Release|Any CPU.ActiveCfg = Release|Any CPU
		{01871EE8-7BD5-492A-8212-23914C8788AA}.Release|Any CPU.Build.0 = Release|Any CPU
		{01871EE8-7BD5-492A-8212-23914C8788AA}.Release|ARM.ActiveCfg = Release|Any CPU
		{01871EE8-7BD5-492A-8212-23914C8788AA}.Release|ARM.Build.0 = Release|Any CPU
		{01871EE8-7BD5-492A-8212-23914C8788AA}.Release|x64.ActiveCfg = Release|Any CPU
		{01871EE8-7BD5-492A-8212-23914C8788AA}.Release|x64.Build.0 = Release|Any CPU
		{01871EE8-7BD5-492A-8212-23914C8788AA}.Release|x86.ActiveCfg = Release|Any CPU
		{01871EE8-7BD5-492A-8212-23914C8788AA}.Release|x86.Build.0 = Release|Any CPU
	EndGlobalSection
	GlobalSection(SolutionProperties) = preSolution
		HideSolutionNode = FALSE
	EndGlobalSection
	GlobalSection(NestedProjects) = preSolution
		{DE778293-2659-4185-A67E-B6C710AC2F9E} = {2365021A-C0AE-4A94-A46A-705586EF894B}
		{FF6118E7-0B09-44AC-A79E-B593CD0F6F50} = {1B4B0C6F-7810-4F07-AE90-C883EB63D536}
		{73BAF03B-7F89-41A6-BFA4-D308F7AC3849} = {9F15291B-6045-4D8E-9D1A-82AA7C5209AB}
		{F6384B79-6894-4004-9A46-7195C36E73D9} = {E21DDF71-6ED5-4AB2-8A9D-3CCB1A7E2EA0}
		{2365021A-C0AE-4A94-A46A-705586EF894B} = {E21DDF71-6ED5-4AB2-8A9D-3CCB1A7E2EA0}
		{9F15291B-6045-4D8E-9D1A-82AA7C5209AB} = {E21DDF71-6ED5-4AB2-8A9D-3CCB1A7E2EA0}
		{1B4B0C6F-7810-4F07-AE90-C883EB63D536} = {E21DDF71-6ED5-4AB2-8A9D-3CCB1A7E2EA0}
		{E4FD79CA-F620-409B-B7D7-07C7052302CB} = {F6384B79-6894-4004-9A46-7195C36E73D9}
		{3E7BA1F2-1AA0-49F4-9B27-3C70620B90A2} = {F6384B79-6894-4004-9A46-7195C36E73D9}
		{A046C22A-5A9A-478B-A029-BCE9960357DE} = {2365021A-C0AE-4A94-A46A-705586EF894B}
		{B4DB96D1-7615-45D5-9F7E-B5CAF3EC5626} = {2365021A-C0AE-4A94-A46A-705586EF894B}
		{40883B8D-3180-4C89-AB06-1451503A3329} = {F6384B79-6894-4004-9A46-7195C36E73D9}
		{01871EE8-7BD5-492A-8212-23914C8788AA} = {2365021A-C0AE-4A94-A46A-705586EF894B}
	EndGlobalSection
	GlobalSection(ExtensibilityGlobals) = postSolution
		SolutionGuid = {FDB6EE9D-A1DD-4C86-9F8F-D2D37F675F5C}
	EndGlobalSection
EndGlobal
