
Microsoft Visual Studio Solution File, Format Version 12.00
# Visual Studio 15
VisualStudioVersion = 15.0.27130.2027
MinimumVisualStudioVersion = 10.0.40219.1
Project("{9A19103F-16F7-4668-BE54-9A1E7A4F7556}") = "Smart.Navigation", "Smart.Navigation\Smart.Navigation.csproj", "{DE778293-2659-4185-A67E-B6C710AC2F9E}"
EndProject
Project("{9A19103F-16F7-4668-BE54-9A1E7A4F7556}") = "Smart.Navigation.Windows.Forms", "Smart.Navigation.Windows.Forms\Smart.Navigation.Windows.Forms.csproj", "{C77CF665-ECD6-4FF5-953C-AAE29260F93B}"
EndProject
Project("{FAE04EC0-301F-11D3-BF4B-00C04F79EFBC}") = "Example.WindowsFormsApp", "Example.WindowsFormsApp\Example.WindowsFormsApp.csproj", "{C529BE58-8685-4EEC-869B-30922D43ADE9}"
EndProject
Project("{2150E333-8FDC-42A3-9474-1A3956D46DE8}") = "Solution Items", "Solution Items", "{6E7415AD-867A-4177-BCAA-A9048F28CCA0}"
	ProjectSection(SolutionItems) = preProject
		.gitattributes = .gitattributes
		.gitignore = .gitignore
		README.md = README.md
		Smart.Navigation.Forms.nuspec = Smart.Navigation.Forms.nuspec
		Smart.Navigation.nuspec = Smart.Navigation.nuspec
		Smart.Navigation.Resolver.nuspec = Smart.Navigation.Resolver.nuspec
		Smart.Navigation.ruleset = Smart.Navigation.ruleset
		Smart.Navigation.Windows.Forms.nuspec = Smart.Navigation.Windows.Forms.nuspec
		Smart.Navigation.Windows.nuspec = Smart.Navigation.Windows.nuspec
	EndProjectSection
EndProject
Project("{9A19103F-16F7-4668-BE54-9A1E7A4F7556}") = "Smart.Navigation.Resolver", "Smart.Navigation.Resolver\Smart.Navigation.Resolver.csproj", "{B250D011-1DD5-42ED-98D4-4CF9FEF52F6B}"
EndProject
Project("{9A19103F-16F7-4668-BE54-9A1E7A4F7556}") = "Smart.Navigation.Tests", "Smart.Navigation.Tests\Smart.Navigation.Tests.csproj", "{FF6118E7-0B09-44AC-A79E-B593CD0F6F50}"
EndProject
Project("{9A19103F-16F7-4668-BE54-9A1E7A4F7556}") = "Smart.Navigation.Strategies.GroupSupport", "Smart.Navigation.Strategies.GroupSupport\Smart.Navigation.Strategies.GroupSupport.csproj", "{73BAF03B-7F89-41A6-BFA4-D308F7AC3849}"
EndProject
Project("{9A19103F-16F7-4668-BE54-9A1E7A4F7556}") = "Smart.Navigation.Windows", "Smart.Navigation.Windows\Smart.Navigation.Windows.csproj", "{B4EE6BD1-4328-4CB4-BE6A-A618E870309C}"
EndProject
Project("{9A19103F-16F7-4668-BE54-9A1E7A4F7556}") = "Smart.Navigation.Forms", "Smart.Navigation.Forms\Smart.Navigation.Forms.csproj", "{086FECAF-C05E-43FC-9FF8-EF9D31B31539}"
EndProject
Project("{FAE04EC0-301F-11D3-BF4B-00C04F79EFBC}") = "Example.WindowsApp", "Example.WindowsApp\Example.WindowsApp.csproj", "{46DC3E1D-7C3C-4A6A-AE84-38CC9CDAA0A7}"
EndProject
Project("{2150E333-8FDC-42A3-9474-1A3956D46DE8}") = "Example", "Example", "{A9EE63F4-BEDF-4A10-9751-A4A2CCE093AE}"
EndProject
Project("{2150E333-8FDC-42A3-9474-1A3956D46DE8}") = "Providers", "Providers", "{F6384B79-6894-4004-9A46-7195C36E73D9}"
EndProject
Project("{2150E333-8FDC-42A3-9474-1A3956D46DE8}") = "Core", "Core", "{2365021A-C0AE-4A94-A46A-705586EF894B}"
EndProject
Project("{2150E333-8FDC-42A3-9474-1A3956D46DE8}") = "Strategies", "Strategies", "{9F15291B-6045-4D8E-9D1A-82AA7C5209AB}"
EndProject
Project("{2150E333-8FDC-42A3-9474-1A3956D46DE8}") = "Tests", "Tests", "{1B4B0C6F-7810-4F07-AE90-C883EB63D536}"
EndProject
Project("{2150E333-8FDC-42A3-9474-1A3956D46DE8}") = "Navigation", "Navigation", "{E21DDF71-6ED5-4AB2-8A9D-3CCB1A7E2EA0}"
EndProject
Global
	GlobalSection(SolutionConfigurationPlatforms) = preSolution
		Debug|Any CPU = Debug|Any CPU
		Release|Any CPU = Release|Any CPU
	EndGlobalSection
	GlobalSection(ProjectConfigurationPlatforms) = postSolution
		{DE778293-2659-4185-A67E-B6C710AC2F9E}.Debug|Any CPU.ActiveCfg = Debug|Any CPU
		{DE778293-2659-4185-A67E-B6C710AC2F9E}.Debug|Any CPU.Build.0 = Debug|Any CPU
		{DE778293-2659-4185-A67E-B6C710AC2F9E}.Release|Any CPU.ActiveCfg = Release|Any CPU
		{DE778293-2659-4185-A67E-B6C710AC2F9E}.Release|Any CPU.Build.0 = Release|Any CPU
		{C77CF665-ECD6-4FF5-953C-AAE29260F93B}.Debug|Any CPU.ActiveCfg = Debug|Any CPU
		{C77CF665-ECD6-4FF5-953C-AAE29260F93B}.Debug|Any CPU.Build.0 = Debug|Any CPU
		{C77CF665-ECD6-4FF5-953C-AAE29260F93B}.Release|Any CPU.ActiveCfg = Release|Any CPU
		{C77CF665-ECD6-4FF5-953C-AAE29260F93B}.Release|Any CPU.Build.0 = Release|Any CPU
		{C529BE58-8685-4EEC-869B-30922D43ADE9}.Debug|Any CPU.ActiveCfg = Debug|Any CPU
		{C529BE58-8685-4EEC-869B-30922D43ADE9}.Debug|Any CPU.Build.0 = Debug|Any CPU
		{C529BE58-8685-4EEC-869B-30922D43ADE9}.Release|Any CPU.ActiveCfg = Release|Any CPU
		{C529BE58-8685-4EEC-869B-30922D43ADE9}.Release|Any CPU.Build.0 = Release|Any CPU
		{B250D011-1DD5-42ED-98D4-4CF9FEF52F6B}.Debug|Any CPU.ActiveCfg = Debug|Any CPU
		{B250D011-1DD5-42ED-98D4-4CF9FEF52F6B}.Debug|Any CPU.Build.0 = Debug|Any CPU
		{B250D011-1DD5-42ED-98D4-4CF9FEF52F6B}.Release|Any CPU.ActiveCfg = Release|Any CPU
		{B250D011-1DD5-42ED-98D4-4CF9FEF52F6B}.Release|Any CPU.Build.0 = Release|Any CPU
		{FF6118E7-0B09-44AC-A79E-B593CD0F6F50}.Debug|Any CPU.ActiveCfg = Debug|Any CPU
		{FF6118E7-0B09-44AC-A79E-B593CD0F6F50}.Debug|Any CPU.Build.0 = Debug|Any CPU
		{FF6118E7-0B09-44AC-A79E-B593CD0F6F50}.Release|Any CPU.ActiveCfg = Release|Any CPU
		{FF6118E7-0B09-44AC-A79E-B593CD0F6F50}.Release|Any CPU.Build.0 = Release|Any CPU
		{73BAF03B-7F89-41A6-BFA4-D308F7AC3849}.Debug|Any CPU.ActiveCfg = Debug|Any CPU
		{73BAF03B-7F89-41A6-BFA4-D308F7AC3849}.Debug|Any CPU.Build.0 = Debug|Any CPU
		{73BAF03B-7F89-41A6-BFA4-D308F7AC3849}.Release|Any CPU.ActiveCfg = Release|Any CPU
		{73BAF03B-7F89-41A6-BFA4-D308F7AC3849}.Release|Any CPU.Build.0 = Release|Any CPU
		{B4EE6BD1-4328-4CB4-BE6A-A618E870309C}.Debug|Any CPU.ActiveCfg = Debug|Any CPU
		{B4EE6BD1-4328-4CB4-BE6A-A618E870309C}.Debug|Any CPU.Build.0 = Debug|Any CPU
		{B4EE6BD1-4328-4CB4-BE6A-A618E870309C}.Release|Any CPU.ActiveCfg = Release|Any CPU
		{B4EE6BD1-4328-4CB4-BE6A-A618E870309C}.Release|Any CPU.Build.0 = Release|Any CPU
		{086FECAF-C05E-43FC-9FF8-EF9D31B31539}.Debug|Any CPU.ActiveCfg = Debug|Any CPU
		{086FECAF-C05E-43FC-9FF8-EF9D31B31539}.Debug|Any CPU.Build.0 = Debug|Any CPU
		{086FECAF-C05E-43FC-9FF8-EF9D31B31539}.Release|Any CPU.ActiveCfg = Release|Any CPU
		{086FECAF-C05E-43FC-9FF8-EF9D31B31539}.Release|Any CPU.Build.0 = Release|Any CPU
		{46DC3E1D-7C3C-4A6A-AE84-38CC9CDAA0A7}.Debug|Any CPU.ActiveCfg = Debug|Any CPU
		{46DC3E1D-7C3C-4A6A-AE84-38CC9CDAA0A7}.Debug|Any CPU.Build.0 = Debug|Any CPU
		{46DC3E1D-7C3C-4A6A-AE84-38CC9CDAA0A7}.Release|Any CPU.ActiveCfg = Release|Any CPU
		{46DC3E1D-7C3C-4A6A-AE84-38CC9CDAA0A7}.Release|Any CPU.Build.0 = Release|Any CPU
	EndGlobalSection
	GlobalSection(SolutionProperties) = preSolution
		HideSolutionNode = FALSE
	EndGlobalSection
	GlobalSection(NestedProjects) = preSolution
		{DE778293-2659-4185-A67E-B6C710AC2F9E} = {2365021A-C0AE-4A94-A46A-705586EF894B}
		{C77CF665-ECD6-4FF5-953C-AAE29260F93B} = {F6384B79-6894-4004-9A46-7195C36E73D9}
		{C529BE58-8685-4EEC-869B-30922D43ADE9} = {A9EE63F4-BEDF-4A10-9751-A4A2CCE093AE}
		{B250D011-1DD5-42ED-98D4-4CF9FEF52F6B} = {2365021A-C0AE-4A94-A46A-705586EF894B}
		{FF6118E7-0B09-44AC-A79E-B593CD0F6F50} = {1B4B0C6F-7810-4F07-AE90-C883EB63D536}
		{73BAF03B-7F89-41A6-BFA4-D308F7AC3849} = {9F15291B-6045-4D8E-9D1A-82AA7C5209AB}
		{B4EE6BD1-4328-4CB4-BE6A-A618E870309C} = {F6384B79-6894-4004-9A46-7195C36E73D9}
		{086FECAF-C05E-43FC-9FF8-EF9D31B31539} = {F6384B79-6894-4004-9A46-7195C36E73D9}
		{46DC3E1D-7C3C-4A6A-AE84-38CC9CDAA0A7} = {A9EE63F4-BEDF-4A10-9751-A4A2CCE093AE}
		{F6384B79-6894-4004-9A46-7195C36E73D9} = {E21DDF71-6ED5-4AB2-8A9D-3CCB1A7E2EA0}
		{2365021A-C0AE-4A94-A46A-705586EF894B} = {E21DDF71-6ED5-4AB2-8A9D-3CCB1A7E2EA0}
		{9F15291B-6045-4D8E-9D1A-82AA7C5209AB} = {E21DDF71-6ED5-4AB2-8A9D-3CCB1A7E2EA0}
		{1B4B0C6F-7810-4F07-AE90-C883EB63D536} = {E21DDF71-6ED5-4AB2-8A9D-3CCB1A7E2EA0}
	EndGlobalSection
	GlobalSection(ExtensibilityGlobals) = postSolution
		SolutionGuid = {FDB6EE9D-A1DD-4C86-9F8F-D2D37F675F5C}
	EndGlobalSection
EndGlobal
